
Microsoft Visual Studio Solution File, Format Version 12.00
# Visual Studio Version 17
VisualStudioVersion = 17.9.34607.119
MinimumVisualStudioVersion = 10.0.40219.1
Project("{FAE04EC0-301F-11D3-BF4B-00C04F79EFBC}") = "OOP Project", "OOP Project.csproj", "{3E1B4103-970F-4374-A2DD-43408940D29B}"
EndProject
Global
	GlobalSection(SolutionConfigurationPlatforms) = preSolution
		Debug|Any CPU = Debug|Any CPU
		Release|Any CPU = Release|Any CPU
	EndGlobalSection
	GlobalSection(ProjectConfigurationPlatforms) = postSolution
		{3E1B4103-970F-4374-A2DD-43408940D29B}.Debug|Any CPU.ActiveCfg = Debug|Any CPU
		{3E1B4103-970F-4374-A2DD-43408940D29B}.Debug|Any CPU.Build.0 = Debug|Any CPU
		{3E1B4103-970F-4374-A2DD-43408940D29B}.Release|Any CPU.ActiveCfg = Release|Any CPU
		{3E1B4103-970F-4374-A2DD-43408940D29B}.Release|Any CPU.Build.0 = Release|Any CPU
	EndGlobalSection
	GlobalSection(SolutionProperties) = preSolution
		HideSolutionNode = FALSE
	EndGlobalSection
	GlobalSection(ExtensibilityGlobals) = postSolution
		SolutionGuid = {77A9AE5D-1600-425E-85A8-33F0644C51C6}
	EndGlobalSection
EndGlobal
